// !$*UTF8*$!
{
	archiveVersion = 1;
	classes = {
	};
	objectVersion = 46;
	objects = {

/* Begin PBXBuildFile section */
		742998E71E5C90D3008B3754 /* main.m in Sources */ = {isa = PBXBuildFile; fileRef = 742998E61E5C90D3008B3754 /* main.m */; };
		742998EA1E5C90D3008B3754 /* AppDelegate.m in Sources */ = {isa = PBXBuildFile; fileRef = 742998E91E5C90D3008B3754 /* AppDelegate.m */; };
		742998ED1E5C90D3008B3754 /* GCDViewController.m in Sources */ = {isa = PBXBuildFile; fileRef = 742998EC1E5C90D3008B3754 /* GCDViewController.m */; };
		742998F01E5C90D3008B3754 /* Main.storyboard in Resources */ = {isa = PBXBuildFile; fileRef = 742998EE1E5C90D3008B3754 /* Main.storyboard */; };
		742998F21E5C90D3008B3754 /* Assets.xcassets in Resources */ = {isa = PBXBuildFile; fileRef = 742998F11E5C90D3008B3754 /* Assets.xcassets */; };
		742998F51E5C90D3008B3754 /* LaunchScreen.storyboard in Resources */ = {isa = PBXBuildFile; fileRef = 742998F31E5C90D3008B3754 /* LaunchScreen.storyboard */; };
/* End PBXBuildFile section */

/* Begin PBXFileReference section */
		742998E21E5C90D3008B3754 /* GCDLearn.app */ = {isa = PBXFileReference; explicitFileType = wrapper.application; includeInIndex = 0; path = GCDLearn.app; sourceTree = BUILT_PRODUCTS_DIR; };
		742998E61E5C90D3008B3754 /* main.m */ = {isa = PBXFileReference; lastKnownFileType = sourcecode.c.objc; path = main.m; sourceTree = "<group>"; };
		742998E81E5C90D3008B3754 /* AppDelegate.h */ = {isa = PBXFileReference; lastKnownFileType = sourcecode.c.h; path = AppDelegate.h; sourceTree = "<group>"; };
		742998E91E5C90D3008B3754 /* AppDelegate.m */ = {isa = PBXFileReference; lastKnownFileType = sourcecode.c.objc; path = AppDelegate.m; sourceTree = "<group>"; };
		742998EB1E5C90D3008B3754 /* GCDViewController.h */ = {isa = PBXFileReference; lastKnownFileType = sourcecode.c.h; path = GCDViewController.h; sourceTree = "<group>"; };
		742998EC1E5C90D3008B3754 /* GCDViewController.m */ = {isa = PBXFileReference; lastKnownFileType = sourcecode.c.objc; path = GCDViewController.m; sourceTree = "<group>"; };
		742998EF1E5C90D3008B3754 /* Base */ = {isa = PBXFileReference; lastKnownFileType = file.storyboard; name = Base; path = Base.lproj/Main.storyboard; sourceTree = "<group>"; };
		742998F11E5C90D3008B3754 /* Assets.xcassets */ = {isa = PBXFileReference; lastKnownFileType = folder.assetcatalog; path = Assets.xcassets; sourceTree = "<group>"; };
		742998F41E5C90D3008B3754 /* Base */ = {isa = PBXFileReference; lastKnownFileType = file.storyboard; name = Base; path = Base.lproj/LaunchScreen.storyboard; sourceTree = "<group>"; };
		742998F61E5C90D3008B3754 /* Info.plist */ = {isa = PBXFileReference; lastKnownFileType = text.plist.xml; path = Info.plist; sourceTree = "<group>"; };
/* End PBXFileReference section */

/* Begin PBXFrameworksBuildPhase section */
		742998DF1E5C90D3008B3754 /* Frameworks */ = {
			isa = PBXFrameworksBuildPhase;
			buildActionMask = 2147483647;
			files = (
			);
			runOnlyForDeploymentPostprocessing = 0;
		};
/* End PBXFrameworksBuildPhase section */

/* Begin PBXGroup section */
		742998D91E5C90D3008B3754 = {
			isa = PBXGroup;
			children = (
				742998E41E5C90D3008B3754 /* GCDLearn */,
				742998E31E5C90D3008B3754 /* Products */,
			);
			sourceTree = "<group>";
		};
		742998E31E5C90D3008B3754 /* Products */ = {
			isa = PBXGroup;
			children = (
				742998E21E5C90D3008B3754 /* GCDLearn.app */,
			);
			name = Products;
			sourceTree = "<group>";
		};
		742998E41E5C90D3008B3754 /* GCDLearn */ = {
			isa = PBXGroup;
			children = (
				742998E81E5C90D3008B3754 /* AppDelegate.h */,
				742998E91E5C90D3008B3754 /* AppDelegate.m */,
				742998EB1E5C90D3008B3754 /* GCDViewController.h */,
				742998EC1E5C90D3008B3754 /* GCDViewController.m */,
				742998EE1E5C90D3008B3754 /* Main.storyboard */,
				742998E51E5C90D3008B3754 /* Supporting Files */,
			);
			path = GCDLearn;
			sourceTree = "<group>";
		};
		742998E51E5C90D3008B3754 /* Supporting Files */ = {
			isa = PBXGroup;
			children = (
				742998F11E5C90D3008B3754 /* Assets.xcassets */,
				742998F31E5C90D3008B3754 /* LaunchScreen.storyboard */,
				742998F61E5C90D3008B3754 /* Info.plist */,
				742998E61E5C90D3008B3754 /* main.m */,
			);
			name = "Supporting Files";
			sourceTree = "<group>";
		};
/* End PBXGroup section */

/* Begin PBXNativeTarget section */
		742998E11E5C90D3008B3754 /* GCDLearn */ = {
			isa = PBXNativeTarget;
			buildConfigurationList = 742998F91E5C90D3008B3754 /* Build configuration list for PBXNativeTarget "GCDLearn" */;
			buildPhases = (
				742998DE1E5C90D3008B3754 /* Sources */,
				742998DF1E5C90D3008B3754 /* Frameworks */,
				742998E01E5C90D3008B3754 /* Resources */,
			);
			buildRules = (
			);
			dependencies = (
			);
			name = GCDLearn;
			productName = GCDLearn;
			productReference = 742998E21E5C90D3008B3754 /* GCDLearn.app */;
			productType = "com.apple.product-type.application";
		};
/* End PBXNativeTarget section */

/* Begin PBXProject section */
		742998DA1E5C90D3008B3754 /* Project object */ = {
			isa = PBXProject;
			attributes = {
				LastUpgradeCheck = 0730;
				ORGANIZATIONNAME = xiaowei;
				TargetAttributes = {
					742998E11E5C90D3008B3754 = {
						CreatedOnToolsVersion = 7.3.1;
					};
				};
			};
			buildConfigurationList = 742998DD1E5C90D3008B3754 /* Build configuration list for PBXProject "GCDLearn" */;
			compatibilityVersion = "Xcode 3.2";
			developmentRegion = English;
			hasScannedForEncodings = 0;
			knownRegions = (
				en,
				Base,
			);
			mainGroup = 742998D91E5C90D3008B3754;
			productRefGroup = 742998E31E5C90D3008B3754 /* Products */;
			projectDirPath = "";
			projectRoot = "";
			targets = (
				742998E11E5C90D3008B3754 /* GCDLearn */,
			);
		};
/* End PBXProject section */

/* Begin PBXResourcesBuildPhase section */
		742998E01E5C90D3008B3754 /* Resources */ = {
			isa = PBXResourcesBuildPhase;
			buildActionMask = 2147483647;
			files = (
				742998F51E5C90D3008B3754 /* LaunchScreen.storyboard in Resources */,
				742998F21E5C90D3008B3754 /* Assets.xcassets in Resources */,
				742998F01E5C90D3008B3754 /* Main.storyboard in Resources */,
			);
			runOnlyForDeploymentPostprocessing = 0;
		};
/* End PBXResourcesBuildPhase section */

/* Begin PBXSourcesBuildPhase section */
		742998DE1E5C90D3008B3754 /* Sources */ = {
			isa = PBXSourcesBuildPhase;
			buildActionMask = 2147483647;
			files = (
				742998ED1E5C90D3008B3754 /* GCDViewController.m in Sources */,
				742998EA1E5C90D3008B3754 /* AppDelegate.m in Sources */,
				742998E71E5C90D3008B3754 /* main.m in Sources */,
			);
			runOnlyForDeploymentPostprocessing = 0;
		};
/* End PBXSourcesBuildPhase section */

/* Begin PBXVariantGroup section */
		742998EE1E5C90D3008B3754 /* Main.storyboard */ = {
			isa = PBXVariantGroup;
			children = (
				742998EF1E5C90D3008B3754 /* Base */,
			);
			name = Main.storyboard;
			sourceTree = "<group>";
		};
		742998F31E5C90D3008B3754 /* LaunchScreen.storyboard */ = {
			isa = PBXVariantGroup;
			children = (
				742998F41E5C90D3008B3754 /* Base */,
			);
			name = LaunchScreen.storyboard;
			sourceTree = "<group>";
		};
/* End PBXVariantGroup section */

/* Begin XCBuildConfiguration section */
		742998F71E5C90D3008B3754 /* Debug */ = {
			isa = XCBuildConfiguration;
			buildSettings = {
				ALWAYS_SEARCH_USER_PATHS = NO;
				CLANG_ANALYZER_NONNULL = YES;
				CLANG_CXX_LANGUAGE_STANDARD = "gnu++0x";
				CLANG_CXX_LIBRARY = "libc++";
				CLANG_ENABLE_MODULES = YES;
				CLANG_ENABLE_OBJC_ARC = YES;
				CLANG_WARN_BOOL_CONVERSION = YES;
				CLANG_WARN_CONSTANT_CONVERSION = YES;
				CLANG_WARN_DIRECT_OBJC_ISA_USAGE = YES_ERROR;
				CLANG_WARN_EMPTY_BODY = YES;
				CLANG_WARN_ENUM_CONVERSION = YES;
				CLANG_WARN_INT_CONVERSION = YES;
				CLANG_WARN_OBJC_ROOT_CLASS = YES_ERROR;
				CLANG_WARN_UNREACHABLE_CODE = YES;
				CLANG_WARN__DUPLICATE_METHOD_MATCH = YES;
				"CODE_SIGN_IDENTITY[sdk=iphoneos*]" = "iPhone Developer";
				COPY_PHASE_STRIP = NO;
				DEBUG_INFORMATION_FORMAT = dwarf;
				ENABLE_STRICT_OBJC_MSGSEND = YES;
				ENABLE_TESTABILITY = YES;
				GCC_C_LANGUAGE_STANDARD = gnu99;
				GCC_DYNAMIC_NO_PIC = NO;
				GCC_NO_COMMON_BLOCKS = YES;
				GCC_OPTIMIZATION_LEVEL = 0;
				GCC_PREPROCESSOR_DEFINITIONS = (
					"DEBUG=1",
					"$(inherited)",
				);
				GCC_WARN_64_TO_32_BIT_CONVERSION = YES;
				GCC_WARN_ABOUT_RETURN_TYPE = YES_ERROR;
				GCC_WARN_UNDECLARED_SELECTOR = YES;
				GCC_WARN_UNINITIALIZED_AUTOS = YES_AGGRESSIVE;
				GCC_WARN_UNUSED_FUNCTION = YES;
				GCC_WARN_UNUSED_VARIABLE = YES;
				IPHONEOS_DEPLOYMENT_TARGET = 9.3;
				MTL_ENABLE_DEBUG_INFO = YES;
				ONLY_ACTIVE_ARCH = YES;
				SDKROOT = iphoneos;
				TARGETED_DEVICE_FAMILY = "1,2";
			};
			name = Debug;
		};
		742998F81E5C90D3008B3754 /* Release */ = {
			isa = XCBuildConfiguration;
			buildSettings = {
				ALWAYS_SEARCH_USER_PATHS = NO;
				CLANG_ANALYZER_NONNULL = YES;
				CLANG_CXX_LANGUAGE_STANDARD = "gnu++0x";
				CLANG_CXX_LIBRARY = "libc++";
				CLANG_ENABLE_MODULES = YES;
				CLANG_ENABLE_OBJC_ARC = YES;
				CLANG_WARN_BOOL_CONVERSION = YES;
				CLANG_WARN_CONSTANT_CONVERSION = YES;
				CLANG_WARN_DIRECT_OBJC_ISA_USAGE = YES_ERROR;
				CLANG_WARN_EMPTY_BODY = YES;
				CLANG_WARN_ENUM_CONVERSION = YES;
				CLANG_WARN_INT_CONVERSION = YES;
				CLANG_WARN_OBJC_ROOT_CLASS = YES_ERROR;
				CLANG_WARN_UNREACHABLE_CODE = YES;
				CLANG_WARN__DUPLICATE_METHOD_MATCH = YES;
				"CODE_SIGN_IDENTITY[sdk=iphoneos*]" = "iPhone Developer";
				COPY_PHASE_STRIP = NO;
				DEBUG_INFORMATION_FORMAT = "dwarf-with-dsym";
				ENABLE_NS_ASSERTIONS = NO;
				ENABLE_STRICT_OBJC_MSGSEND = YES;
				GCC_C_LANGUAGE_STANDARD = gnu99;
				GCC_NO_COMMON_BLOCKS = YES;
				GCC_WARN_64_TO_32_BIT_CONVERSION = YES;
				GCC_WARN_ABOUT_RETURN_TYPE = YES_ERROR;
				GCC_WARN_UNDECLARED_SELECTOR = YES;
				GCC_WARN_UNINITIALIZED_AUTOS = YES_AGGRESSIVE;
				GCC_WARN_UNUSED_FUNCTION = YES;
				GCC_WARN_UNUSED_VARIABLE = YES;
				IPHONEOS_DEPLOYMENT_TARGET = 9.3;
				MTL_ENABLE_DEBUG_INFO = NO;
				SDKROOT = iphoneos;
				TARGETED_DEVICE_FAMILY = "1,2";
				VALIDATE_PRODUCT = YES;
			};
			name = Release;
		};
		742998FA1E5C90D3008B3754 /* Debug */ = {
			isa = XCBuildConfiguration;
			buildSettings = {
				ASSETCATALOG_COMPILER_APPICON_NAME = AppIcon;
				INFOPLIST_FILE = GCDLearn/Info.plist;
				LD_RUNPATH_SEARCH_PATHS = "$(inherited) @executable_path/Frameworks";
				PRODUCT_BUNDLE_IDENTIFIER = com.xiaowei.GCDLearn;
				PRODUCT_NAME = "$(TARGET_NAME)";
			};
			name = Debug;
		};
		742998FB1E5C90D3008B3754 /* Release */ = {
			isa = XCBuildConfiguration;
			buildSettings = {
				ASSETCATALOG_COMPILER_APPICON_NAME = AppIcon;
				INFOPLIST_FILE = GCDLearn/Info.plist;
				LD_RUNPATH_SEARCH_PATHS = "$(inherited) @executable_path/Frameworks";
				PRODUCT_BUNDLE_IDENTIFIER = com.xiaowei.GCDLearn;
				PRODUCT_NAME = "$(TARGET_NAME)";
			};
			name = Release;
		};
/* End XCBuildConfiguration section */

/* Begin XCConfigurationList section */
		742998DD1E5C90D3008B3754 /* Build configuration list for PBXProject "GCDLearn" */ = {
			isa = XCConfigurationList;
			buildConfigurations = (
				742998F71E5C90D3008B3754 /* Debug */,
				742998F81E5C90D3008B3754 /* Release */,
			);
			defaultConfigurationIsVisible = 0;
			defaultConfigurationName = Release;
		};
		742998F91E5C90D3008B3754 /* Build configuration list for PBXNativeTarget "GCDLearn" */ = {
			isa = XCConfigurationList;
			buildConfigurations = (
				742998FA1E5C90D3008B3754 /* Debug */,
				742998FB1E5C90D3008B3754 /* Release */,
			);
			defaultConfigurationIsVisible = 0;
		};
/* End XCConfigurationList section */
	};
	rootObject = 742998DA1E5C90D3008B3754 /* Project object */;
}
